hash: 2cbd92e08ec04aa4713c83e236a2a5d31cfd44c728810472857a698efffa56f4
updated: 2017-01-03T16:11:23.908944123-05:00
imports:
- name: github.com/fatih/color
  version: dea9d3a26a087187530244679c1cfb3a42937794
- name: github.com/kardianos/osext
  version: c2c54e542fb797ad986b31721e1baedf214ca413
- name: github.com/mattn/go-colorable
  version: d228849504861217f796da67fae4f6e347643f15
- name: github.com/mattn/go-isatty
  version: 30a891c33c7cde7b02a981314b4228ec99380cca
- name: github.com/ulikunitz/xz
  version: 76f94b7c69c6f84be96bcfc2443042b198689565
  subpackages:
  - internal/hash
  - internal/xlog
  - lzma
- name: golang.org/x/sys
  version: d75a52659825e75fff6158388dddc6a5b04f9ba5
  subpackages:
  - unix
- name: golang.org/x/tools
  version: 908849c3379245f71612058fbf92cf6bf58c3c75
  subpackages:
  - godoc/vfs
testImports: []
